Microsoft Visual Studio Solution File, Format Version 12.00
# Visual Studio Version 17
VisualStudioVersion = 17.5.2.0
MinimumVisualStudioVersion = 10.0.40219.1
Project("{FAE04EC0-301F-11D3-BF4B-00C04F79EFBC}") = "1.4 Equalize by division", "1.4 Equalize by division.csproj", "{0DE196AD-1CBF-AA1F-2176-FF4113576DB4}"
EndProject
Global
	GlobalSection(SolutionConfigurationPlatforms) = preSolution
		Debug|Any CPU = Debug|Any CPU
		Release|Any CPU = Release|Any CPU
	EndGlobalSection
	GlobalSection(ProjectConfigurationPlatforms) = postSolution
		{0DE196AD-1CBF-AA1F-2176-FF4113576DB4}.Debug|Any CPU.ActiveCfg = Debug|Any CPU
		{0DE196AD-1CBF-AA1F-2176-FF4113576DB4}.Debug|Any CPU.Build.0 = Debug|Any CPU
		{0DE196AD-1CBF-AA1F-2176-FF4113576DB4}.Release|Any CPU.ActiveCfg = Release|Any CPU
		{0DE196AD-1CBF-AA1F-2176-FF4113576DB4}.Release|Any CPU.Build.0 = Release|Any CPU
	EndGlobalSection
	GlobalSection(SolutionProperties) = preSolution
		HideSolutionNode = FALSE
	EndGlobalSection
	GlobalSection(ExtensibilityGlobals) = postSolution
		SolutionGuid = {4502693E-D33F-4544-89BD-3EDEF55C40F5}
	EndGlobalSection
EndGlobal
