Microsoft Visual Studio Solution File, Format Version 12.00
# Visual Studio Version 17
VisualStudioVersion = 17.5.2.0
MinimumVisualStudioVersion = 10.0.40219.1
Project("{FAE04EC0-301F-11D3-BF4B-00C04F79EFBC}") = "2.4 Physical Culture", "2.4 Physical Culture.csproj", "{A6A2237B-CB6A-B2C1-ED31-1174513A66B9}"
EndProject
Global
	GlobalSection(SolutionConfigurationPlatforms) = preSolution
		Debug|Any CPU = Debug|Any CPU
		Release|Any CPU = Release|Any CPU
	EndGlobalSection
	GlobalSection(ProjectConfigurationPlatforms) = postSolution
		{A6A2237B-CB6A-B2C1-ED31-1174513A66B9}.Debug|Any CPU.ActiveCfg = Debug|Any CPU
		{A6A2237B-CB6A-B2C1-ED31-1174513A66B9}.Debug|Any CPU.Build.0 = Debug|Any CPU
		{A6A2237B-CB6A-B2C1-ED31-1174513A66B9}.Release|Any CPU.ActiveCfg = Release|Any CPU
		{A6A2237B-CB6A-B2C1-ED31-1174513A66B9}.Release|Any CPU.Build.0 = Release|Any CPU
	EndGlobalSection
	GlobalSection(SolutionProperties) = preSolution
		HideSolutionNode = FALSE
	EndGlobalSection
	GlobalSection(ExtensibilityGlobals) = postSolution
		SolutionGuid = {A28B4094-8FFB-4885-AA46-9EF7D0709C95}
	EndGlobalSection
EndGlobal
