Microsoft Visual Studio Solution File, Format Version 12.00
# Visual Studio Version 17
VisualStudioVersion = 17.5.2.0
MinimumVisualStudioVersion = 10.0.40219.1
Project("{FAE04EC0-301F-11D3-BF4B-00C04F79EFBC}") = "1.3 Rebus", "1.3 Rebus.csproj", "{794560B5-07CC-D2E9-5B74-B6217FB03FB5}"
EndProject
Global
	GlobalSection(SolutionConfigurationPlatforms) = preSolution
		Debug|Any CPU = Debug|Any CPU
		Release|Any CPU = Release|Any CPU
	EndGlobalSection
	GlobalSection(ProjectConfigurationPlatforms) = postSolution
		{794560B5-07CC-D2E9-5B74-B6217FB03FB5}.Debug|Any CPU.ActiveCfg = Debug|Any CPU
		{794560B5-07CC-D2E9-5B74-B6217FB03FB5}.Debug|Any CPU.Build.0 = Debug|Any CPU
		{794560B5-07CC-D2E9-5B74-B6217FB03FB5}.Release|Any CPU.ActiveCfg = Release|Any CPU
		{794560B5-07CC-D2E9-5B74-B6217FB03FB5}.Release|Any CPU.Build.0 = Release|Any CPU
	EndGlobalSection
	GlobalSection(SolutionProperties) = preSolution
		HideSolutionNode = FALSE
	EndGlobalSection
	GlobalSection(ExtensibilityGlobals) = postSolution
		SolutionGuid = {4500D95A-E10A-4D8E-B0C2-85C915F8FA5A}
	EndGlobalSection
EndGlobal
